// !$*UTF8*$!
{
	archiveVersion = 1;
	classes = {
	};
	objectVersion = 55;
	objects = {

/* Begin PBXBuildFile section */
		8C8C44D327DBC8870001573F /* main.c in Sources */ = {isa = PBXBuildFile; fileRef = 8C8C44D227DBC8870001573F /* main.c */; };
		8C8C44E627DBE6F90001573F /* librif.h in Headers */ = {isa = PBXBuildFile; fileRef = 8C8C44E227DBE6F90001573F /* librif.h */; };
		8C8C44E827DBE6F90001573F /* librif.c in Sources */ = {isa = PBXBuildFile; fileRef = 8C8C44E427DBE6F90001573F /* librif.c */; };
		8CD4E84827DE52DD008C8BCD /* librif_luaglue.c in Sources */ = {isa = PBXBuildFile; fileRef = 8CD4E84627DE52DD008C8BCD /* librif_luaglue.c */; };
		8CD4E84927DE52DD008C8BCD /* librif_luaglue.h in Headers */ = {isa = PBXBuildFile; fileRef = 8CD4E84727DE52DD008C8BCD /* librif_luaglue.h */; };
/* End PBXBuildFile section */

/* Begin PBXFileReference section */
		8C8C44CB27DBC8050001573F /* libLibrif Playdate example.dylib */ = {isa = PBXFileReference; explicitFileType = "compiled.mach-o.dylib"; includeInIndex = 0; path = "libLibrif Playdate example.dylib"; sourceTree = BUILT_PRODUCTS_DIR; };
		8C8C44D227DBC8870001573F /* main.c */ = {isa = PBXFileReference; fileEncoding = 4; lastKnownFileType = sourcecode.c.c; path = main.c; sourceTree = "<group>"; };
		8C8C44E227DBE6F90001573F /* librif.h */ = {isa = PBXFileReference; fileEncoding = 4; lastKnownFileType = sourcecode.c.h; path = librif.h; sourceTree = "<group>"; };
		8C8C44E427DBE6F90001573F /* librif.c */ = {isa = PBXFileReference; fileEncoding = 4; lastKnownFileType = sourcecode.c.c; path = librif.c; sourceTree = "<group>"; };
		8CD4E84627DE52DD008C8BCD /* librif_luaglue.c */ = {isa = PBXFileReference; fileEncoding = 4; lastKnownFileType = sourcecode.c.c; path = librif_luaglue.c; sourceTree = "<group>"; };
		8CD4E84727DE52DD008C8BCD /* librif_luaglue.h */ = {isa = PBXFileReference; fileEncoding = 4; lastKnownFileType = sourcecode.c.h; path = librif_luaglue.h; sourceTree = "<group>"; };
/* End PBXFileReference section */

/* Begin PBXFrameworksBuildPhase section */
		8C8C44C927DBC8050001573F /* Frameworks */ = {
			isa = PBXFrameworksBuildPhase;
			buildActionMask = 2147483647;
			files = (
			);
			runOnlyForDeploymentPostprocessing = 0;
		};
/* End PBXFrameworksBuildPhase section */

/* Begin PBXGroup section */
		8C8C44C227DBC8050001573F = {
			isa = PBXGroup;
			children = (
				8C8C44E027DBE6F90001573F /* src */,
				8C8C44D227DBC8870001573F /* main.c */,
				8C8C44CC27DBC8050001573F /* Products */,
			);
			sourceTree = "<group>";
		};
		8C8C44CC27DBC8050001573F /* Products */ = {
			isa = PBXGroup;
			children = (
				8C8C44CB27DBC8050001573F /* libLibrif Playdate example.dylib */,
			);
			name = Products;
			sourceTree = "<group>";
		};
		8C8C44E027DBE6F90001573F /* src */ = {
			isa = PBXGroup;
			children = (
				8CD4E84727DE52DD008C8BCD /* librif_luaglue.h */,
				8CD4E84627DE52DD008C8BCD /* librif_luaglue.c */,
				8C8C44E227DBE6F90001573F /* librif.h */,
				8C8C44E427DBE6F90001573F /* librif.c */,
			);
			path = src;
			sourceTree = "<group>";
		};
/* End PBXGroup section */

/* Begin PBXHeadersBuildPhase section */
		8C8C44C727DBC8050001573F /* Headers */ = {
			isa = PBXHeadersBuildPhase;
			buildActionMask = 2147483647;
			files = (
				8CD4E84927DE52DD008C8BCD /* librif_luaglue.h in Headers */,
				8C8C44E627DBE6F90001573F /* librif.h in Headers */,
			);
			runOnlyForDeploymentPostprocessing = 0;
		};
/* End PBXHeadersBuildPhase section */

/* Begin PBXLegacyTarget section */
		8C8C44DC27DBE3850001573F /* Librif device */ = {
			isa = PBXLegacyTarget;
			buildArgumentsString = "device pdc";
			buildConfigurationList = 8C8C44DD27DBE3850001573F /* Build configuration list for PBXLegacyTarget "Librif device" */;
			buildPhases = (
			);
			buildToolPath = /usr/bin/make;
			buildWorkingDirectory = "";
			dependencies = (
			);
			name = "Librif device";
			passBuildSettingsInEnvironment = 1;
			productName = "Librif device";
		};
/* End PBXLegacyTarget section */

/* Begin PBXNativeTarget section */
		8C8C44CA27DBC8050001573F /* Librif Playdate example */ = {
			isa = PBXNativeTarget;
			buildConfigurationList = 8C8C44CF27DBC8050001573F /* Build configuration list for PBXNativeTarget "Librif Playdate example" */;
			buildPhases = (
				8C8C44C727DBC8050001573F /* Headers */,
				8C8C44C827DBC8050001573F /* Sources */,
				8C8C44C927DBC8050001573F /* Frameworks */,
				8CD4E84527DC5754008C8BCD /* ShellScript */,
			);
			buildRules = (
			);
			dependencies = (
			);
			name = "Librif Playdate example";
			productName = "Librif Playdate example";
			productReference = 8C8C44CB27DBC8050001573F /* libLibrif Playdate example.dylib */;
			productType = "com.apple.product-type.library.dynamic";
		};
/* End PBXNativeTarget section */

/* Begin PBXProject section */
		8C8C44C327DBC8050001573F /* Project object */ = {
			isa = PBXProject;
			attributes = {
				BuildIndependentTargetsInParallel = 1;
				LastUpgradeCheck = 1300;
				TargetAttributes = {
					8C8C44CA27DBC8050001573F = {
						CreatedOnToolsVersion = 13.0;
					};
					8C8C44DC27DBE3850001573F = {
						CreatedOnToolsVersion = 13.0;
					};
				};
			};
			buildConfigurationList = 8C8C44C627DBC8050001573F /* Build configuration list for PBXProject "Librif Playdate example" */;
			compatibilityVersion = "Xcode 13.0";
			developmentRegion = en;
			hasScannedForEncodings = 0;
			knownRegions = (
				en,
				Base,
			);
			mainGroup = 8C8C44C227DBC8050001573F;
			productRefGroup = 8C8C44CC27DBC8050001573F /* Products */;
			projectDirPath = "";
			projectRoot = "";
			targets = (
				8C8C44CA27DBC8050001573F /* Librif Playdate example */,
				8C8C44DC27DBE3850001573F /* Librif device */,
			);
		};
/* End PBXProject section */

/* Begin PBXShellScriptBuildPhase section */
		8CD4E84527DC5754008C8BCD /* ShellScript */ = {
			isa = PBXShellScriptBuildPhase;
			buildActionMask = 2147483647;
			files = (
			);
			inputFileListPaths = (
			);
			inputPaths = (
			);
			outputFileListPaths = (
			);
			outputPaths = (
			);
			runOnlyForDeploymentPostprocessing = 0;
			shellPath = /bin/sh;
			shellScript = "cp \"${TARGET_BUILD_DIR}/${EXECUTABLE_NAME}\" Source/pdex.dylib\n        touch Source/pdex.bin\n        make pdc\n";
		};
/* End PBXShellScriptBuildPhase section */

/* Begin PBXSourcesBuildPhase section */
		8C8C44C827DBC8050001573F /* Sources */ = {
			isa = PBXSourcesBuildPhase;
			buildActionMask = 2147483647;
			files = (
				8CD4E84827DE52DD008C8BCD /* librif_luaglue.c in Sources */,
				8C8C44D327DBC8870001573F /* main.c in Sources */,
				8C8C44E827DBE6F90001573F /* librif.c in Sources */,
			);
			runOnlyForDeploymentPostprocessing = 0;
		};
/* End PBXSourcesBuildPhase section */

/* Begin XCBuildConfiguration section */
		8C8C44CD27DBC8050001573F /* Debug */ = {
			isa = XCBuildConfiguration;
			buildSettings = {
				ALWAYS_SEARCH_USER_PATHS = NO;
				CLANG_ANALYZER_NONNULL = YES;
				CLANG_ANALYZER_NUMBER_OBJECT_CONVERSION = YES_AGGRESSIVE;
				CLANG_CXX_LANGUAGE_STANDARD = "gnu++17";
				CLANG_CXX_LIBRARY = "libc++";
				CLANG_ENABLE_MODULES = YES;
				CLANG_ENABLE_OBJC_ARC = YES;
				CLANG_ENABLE_OBJC_WEAK = YES;
				CLANG_WARN_BLOCK_CAPTURE_AUTORELEASING = YES;
				CLANG_WARN_BOOL_CONVERSION = YES;
				CLANG_WARN_COMMA = YES;
				CLANG_WARN_CONSTANT_CONVERSION = YES;
				CLANG_WARN_DEPRECATED_OBJC_IMPLEMENTATIONS = YES;
				CLANG_WARN_DIRECT_OBJC_ISA_USAGE = YES_ERROR;
				CLANG_WARN_DOCUMENTATION_COMMENTS = YES;
				CLANG_WARN_EMPTY_BODY = YES;
				CLANG_WARN_ENUM_CONVERSION = YES;
				CLANG_WARN_INFINITE_RECURSION = YES;
				CLANG_WARN_INT_CONVERSION = YES;
				CLANG_WARN_NON_LITERAL_NULL_CONVERSION = YES;
				CLANG_WARN_OBJC_IMPLICIT_RETAIN_SELF = YES;
				CLANG_WARN_OBJC_LITERAL_CONVERSION = YES;
				CLANG_WARN_OBJC_ROOT_CLASS = YES_ERROR;
				CLANG_WARN_QUOTED_INCLUDE_IN_FRAMEWORK_HEADER = YES;
				CLANG_WARN_RANGE_LOOP_ANALYSIS = YES;
				CLANG_WARN_STRICT_PROTOTYPES = YES;
				CLANG_WARN_SUSPICIOUS_MOVE = YES;
				CLANG_WARN_UNGUARDED_AVAILABILITY = YES_AGGRESSIVE;
				CLANG_WARN_UNREACHABLE_CODE = YES;
				CLANG_WARN__DUPLICATE_METHOD_MATCH = YES;
				COPY_PHASE_STRIP = NO;
				DEBUG_INFORMATION_FORMAT = dwarf;
				DRIVERKIT_DEPLOYMENT_TARGET = 20.4;
				ENABLE_STRICT_OBJC_MSGSEND = YES;
				ENABLE_TESTABILITY = YES;
				FRAMEWORK_SEARCH_PATHS = "";
				GCC_C_LANGUAGE_STANDARD = gnu11;
				GCC_DYNAMIC_NO_PIC = NO;
				GCC_NO_COMMON_BLOCKS = YES;
				GCC_OPTIMIZATION_LEVEL = 0;
				GCC_PREPROCESSOR_DEFINITIONS = (
					"DEBUG=1",
					"$(inherited)",
					"PLAYDATE_SIMULATOR=1",
					"TARGET_EXTENSION=1",
					"PLAYDATE=1",
				);
				GCC_WARN_64_TO_32_BIT_CONVERSION = YES;
				GCC_WARN_ABOUT_RETURN_TYPE = YES_ERROR;
				GCC_WARN_UNDECLARED_SELECTOR = YES;
				GCC_WARN_UNINITIALIZED_AUTOS = YES_AGGRESSIVE;
				GCC_WARN_UNUSED_FUNCTION = YES;
				GCC_WARN_UNUSED_VARIABLE = YES;
				HEADER_SEARCH_PATHS = /Users/matrixteo/Developer/PlaydateSDK/C_API;
				LIBRARY_SEARCH_PATHS = "";
				MTL_ENABLE_DEBUG_INFO = INCLUDE_SOURCE;
				MTL_FAST_MATH = YES;
				ONLY_ACTIVE_ARCH = YES;
				SDKROOT = macosx;
				USER_HEADER_SEARCH_PATHS = "";
			};
			name = Debug;
		};
		8C8C44CE27DBC8050001573F /* Release */ = {
			isa = XCBuildConfiguration;
			buildSettings = {
				ALWAYS_SEARCH_USER_PATHS = NO;
				CLANG_ANALYZER_NONNULL = YES;
				CLANG_ANALYZER_NUMBER_OBJECT_CONVERSION = YES_AGGRESSIVE;
				CLANG_CXX_LANGUAGE_STANDARD = "gnu++17";
				CLANG_CXX_LIBRARY = "libc++";
				CLANG_ENABLE_MODULES = YES;
				CLANG_ENABLE_OBJC_ARC = YES;
				CLANG_ENABLE_OBJC_WEAK = YES;
				CLANG_WARN_BLOCK_CAPTURE_AUTORELEASING = YES;
				CLANG_WARN_BOOL_CONVERSION = YES;
				CLANG_WARN_COMMA = YES;
				CLANG_WARN_CONSTANT_CONVERSION = YES;
				CLANG_WARN_DEPRECATED_OBJC_IMPLEMENTATIONS = YES;
				CLANG_WARN_DIRECT_OBJC_ISA_USAGE = YES_ERROR;
				CLANG_WARN_DOCUMENTATION_COMMENTS = YES;
				CLANG_WARN_EMPTY_BODY = YES;
				CLANG_WARN_ENUM_CONVERSION = YES;
				CLANG_WARN_INFINITE_RECURSION = YES;
				CLANG_WARN_INT_CONVERSION = YES;
				CLANG_WARN_NON_LITERAL_NULL_CONVERSION = YES;
				CLANG_WARN_OBJC_IMPLICIT_RETAIN_SELF = YES;
				CLANG_WARN_OBJC_LITERAL_CONVERSION = YES;
				CLANG_WARN_OBJC_ROOT_CLASS = YES_ERROR;
				CLANG_WARN_QUOTED_INCLUDE_IN_FRAMEWORK_HEADER = YES;
				CLANG_WARN_RANGE_LOOP_ANALYSIS = YES;
				CLANG_WARN_STRICT_PROTOTYPES = YES;
				CLANG_WARN_SUSPICIOUS_MOVE = YES;
				CLANG_WARN_UNGUARDED_AVAILABILITY = YES_AGGRESSIVE;
				CLANG_WARN_UNREACHABLE_CODE = YES;
				CLANG_WARN__DUPLICATE_METHOD_MATCH = YES;
				COPY_PHASE_STRIP = NO;
				DEBUG_INFORMATION_FORMAT = "dwarf-with-dsym";
				DRIVERKIT_DEPLOYMENT_TARGET = 20.4;
				ENABLE_NS_ASSERTIONS = NO;
				ENABLE_STRICT_OBJC_MSGSEND = YES;
				FRAMEWORK_SEARCH_PATHS = "";
				GCC_C_LANGUAGE_STANDARD = gnu11;
				GCC_NO_COMMON_BLOCKS = YES;
				GCC_WARN_64_TO_32_BIT_CONVERSION = YES;
				GCC_WARN_ABOUT_RETURN_TYPE = YES_ERROR;
				GCC_WARN_UNDECLARED_SELECTOR = YES;
				GCC_WARN_UNINITIALIZED_AUTOS = YES_AGGRESSIVE;
				GCC_WARN_UNUSED_FUNCTION = YES;
				GCC_WARN_UNUSED_VARIABLE = YES;
				HEADER_SEARCH_PATHS = /Users/matrixteo/Developer/PlaydateSDK/C_API;
				LIBRARY_SEARCH_PATHS = "";
				MTL_ENABLE_DEBUG_INFO = NO;
				MTL_FAST_MATH = YES;
				SDKROOT = macosx;
				USER_HEADER_SEARCH_PATHS = "";
			};
			name = Release;
		};
		8C8C44D027DBC8050001573F /* Debug */ = {
			isa = XCBuildConfiguration;
			buildSettings = {
				CODE_SIGN_STYLE = Automatic;
				DYLIB_COMPATIBILITY_VERSION = 1;
				DYLIB_CURRENT_VERSION = 1;
				EXECUTABLE_PREFIX = lib;
				LIBRARY_SEARCH_PATHS = (
					"$(inherited)",
					"$(PROJECT_DIR)/Source",
				);
				PRODUCT_NAME = "$(TARGET_NAME)";
				RUN_CLANG_STATIC_ANALYZER = YES;
				SKIP_INSTALL = YES;
			};
			name = Debug;
		};
		8C8C44D127DBC8050001573F /* Release */ = {
			isa = XCBuildConfiguration;
			buildSettings = {
				CODE_SIGN_STYLE = Automatic;
				DYLIB_COMPATIBILITY_VERSION = 1;
				DYLIB_CURRENT_VERSION = 1;
				EXECUTABLE_PREFIX = lib;
				LIBRARY_SEARCH_PATHS = (
					"$(inherited)",
					"$(PROJECT_DIR)/Source",
				);
				PRODUCT_NAME = "$(TARGET_NAME)";
				RUN_CLANG_STATIC_ANALYZER = YES;
				SKIP_INSTALL = YES;
			};
			name = Release;
		};
		8C8C44DE27DBE3850001573F /* Debug */ = {
			isa = XCBuildConfiguration;
			buildSettings = {
				CODE_SIGN_STYLE = Automatic;
				DEBUGGING_SYMBOLS = YES;
				DEBUG_INFORMATION_FORMAT = dwarf;
				GCC_GENERATE_DEBUGGING_SYMBOLS = YES;
				GCC_OPTIMIZATION_LEVEL = 0;
				GCC_PREPROCESSOR_DEFINITIONS = (
					"DEBUG=1",
					"$(inherited)",
				);
				OTHER_CFLAGS = "";
				OTHER_LDFLAGS = "";
				PRODUCT_NAME = "$(TARGET_NAME)";
			};
			name = Debug;
		};
		8C8C44DF27DBE3850001573F /* Release */ = {
			isa = XCBuildConfiguration;
			buildSettings = {
				CODE_SIGN_STYLE = Automatic;
				DEBUG_INFORMATION_FORMAT = "dwarf-with-dsym";
				OTHER_CFLAGS = "";
				OTHER_LDFLAGS = "";
				PRODUCT_NAME = "$(TARGET_NAME)";
			};
			name = Release;
		};
/* End XCBuildConfiguration section */

/* Begin XCConfigurationList section */
		8C8C44C627DBC8050001573F /* Build configuration list for PBXProject "Librif Playdate example" */ = {
			isa = XCConfigurationList;
			buildConfigurations = (
				8C8C44CD27DBC8050001573F /* Debug */,
				8C8C44CE27DBC8050001573F /* Release */,
			);
			defaultConfigurationIsVisible = 0;
			defaultConfigurationName = Release;
		};
		8C8C44CF27DBC8050001573F /* Build configuration list for PBXNativeTarget "Librif Playdate example" */ = {
			isa = XCConfigurationList;
			buildConfigurations = (
				8C8C44D027DBC8050001573F /* Debug */,
				8C8C44D127DBC8050001573F /* Release */,
			);
			defaultConfigurationIsVisible = 0;
			defaultConfigurationName = Release;
		};
		8C8C44DD27DBE3850001573F /* Build configuration list for PBXLegacyTarget "Librif device" */ = {
			isa = XCConfigurationList;
			buildConfigurations = (
				8C8C44DE27DBE3850001573F /* Debug */,
				8C8C44DF27DBE3850001573F /* Release */,
			);
			defaultConfigurationIsVisible = 0;
			defaultConfigurationName = Release;
		};
/* End XCConfigurationList section */
	};
	rootObject = 8C8C44C327DBC8050001573F /* Project object */;
}
